{
    "_meta": {
        "hash": {
            "sha256": "e2f892e1042c20a9e90766b1a946902044c6614270442ac8789dbc482743910e"
        },
        "pipfile-spec": 6,
        "requires": {
            "python_version": "3.7"
        },
        "sources": [
            {
                "name": "pypi",
                "url": "https://pypi.org/simple",
                "verify_ssl": true
            }
        ]
    },
    "default": {
        "certifi": {
            "hashes": [
                "sha256:47f9c83ef4c0c621eaef743f133f09fa8a74a9b75f037e8624f83bd1b6626cb7",
                "sha256:993f830721089fef441cdfeb4b2c8c9df86f0c63239f06bd025a76a7daddb033"
            ],
            "version": "==2018.11.29"
        },
        "chardet": {
            "hashes": [
                "sha256:84ab92ed1c4d4f16916e05906b6b75a6c0fb5db821cc65e70cbd64a3e2a5eaae",
                "sha256:fc323ffcaeaed0e0a02bf4d117757b98aed530d9ed4531e3e15460124c106691"
            ],
            "version": "==3.0.4"
        },
        "click": {
            "hashes": [
                "sha256:2335065e6395b9e67ca716de5f7526736bfa6ceead690adf616d925bdc622b13",
                "sha256:5b94b49521f6456670fdb30cd82a4eca9412788a93fa6dd6df72c94d5a8ff2d7"
            ],
            "version": "==7.0"
        },
        "crypto": {
            "hashes": [
                "sha256:8f2ee9756a0265c18845ac097ae447c75cfbde158abe1361b7491619f866a9bd",
                "sha256:985120aa86f71545388199f96a2a0e00f7ccfe5ecd14c56355eb399e1a63d164"
            ],
            "index": "pypi",
            "version": "==1.4.1"
        },
        "flask": {
            "hashes": [
                "sha256:2271c0070dbcb5275fad4a82e29f23ab92682dc45f9dfbc22c02ba9b9322ce48",
                "sha256:a080b744b7e345ccfcbc77954861cb05b3c63786e93f2b3875e0913d44b43f05"
            ],
            "index": "pypi",
            "version": "==1.0.2"
        },
        "flask-cors": {
            "hashes": [
                "sha256:7ad56ee3b90d4955148fc25a2ecaa1124fc84298471e266a7fea59aeac4405a5",
                "sha256:7e90bf225fdf163d11b84b59fb17594d0580a16b97ab4e1146b1fb2737c1cfec"
            ],
            "index": "pypi",
            "version": "==3.0.7"
        },
        "flask-jwt": {
            "hashes": [
                "sha256:49c0672fbde0f1cd3374bd834918d28956e3c521c7e00089cdc5380d323bd0ad"
            ],
            "index": "pypi",
            "version": "==0.3.2"
        },
        "idna": {
            "hashes": [
                "sha256:c357b3f628cf53ae2c4c05627ecc484553142ca23264e593d327bcde5e9c3407",
                "sha256:ea8b7f6188e6fa117537c3df7da9fc686d485087abf6ac197f9c46432f7e4a3c"
            ],
            "version": "==2.8"
        },
        "itsdangerous": {
            "hashes": [
                "sha256:321b033d07f2a4136d3ec762eac9f16a10ccd60f53c0c91af90217ace7ba1f19",
                "sha256:b12271b2047cb23eeb98c8b5622e2e5c5e9abd9784a153e9d8ef9cb4dd09d749"
            ],
            "version": "==1.1.0"
        },
        "jinja2": {
            "hashes": [
                "sha256:74c935a1b8bb9a3947c50a54766a969d4846290e1e788ea44c1392163723c3bd",
                "sha256:f84be1bb0040caca4cea721fcbbbbd61f9be9464ca236387158b0feea01914a4"
            ],
            "version": "==2.10"
        },
        "markupsafe": {
            "hashes": [
                "sha256:048ef924c1623740e70204aa7143ec592504045ae4429b59c30054cb31e3c432",
                "sha256:130f844e7f5bdd8e9f3f42e7102ef1d49b2e6fdf0d7526df3f87281a532d8c8b",
                "sha256:19f637c2ac5ae9da8bfd98cef74d64b7e1bb8a63038a3505cd182c3fac5eb4d9",
                "sha256:1b8a7a87ad1b92bd887568ce54b23565f3fd7018c4180136e1cf412b405a47af",
                "sha256:1c25694ca680b6919de53a4bb3bdd0602beafc63ff001fea2f2fc16ec3a11834",
                "sha256:1f19ef5d3908110e1e891deefb5586aae1b49a7440db952454b4e281b41620cd",
                "sha256:1fa6058938190ebe8290e5cae6c351e14e7bb44505c4a7624555ce57fbbeba0d",
                "sha256:31cbb1359e8c25f9f48e156e59e2eaad51cd5242c05ed18a8de6dbe85184e4b7",
                "sha256:3e835d8841ae7863f64e40e19477f7eb398674da6a47f09871673742531e6f4b",
                "sha256:4e97332c9ce444b0c2c38dd22ddc61c743eb208d916e4265a2a3b575bdccb1d3",
                "sha256:525396ee324ee2da82919f2ee9c9e73b012f23e7640131dd1b53a90206a0f09c",
                "sha256:52b07fbc32032c21ad4ab060fec137b76eb804c4b9a1c7c7dc562549306afad2",
                "sha256:52ccb45e77a1085ec5461cde794e1aa037df79f473cbc69b974e73940655c8d7",
                "sha256:5c3fbebd7de20ce93103cb3183b47671f2885307df4a17a0ad56a1dd51273d36",
                "sha256:5e5851969aea17660e55f6a3be00037a25b96a9b44d2083651812c99d53b14d1",
                "sha256:5edfa27b2d3eefa2210fb2f5d539fbed81722b49f083b2c6566455eb7422fd7e",
                "sha256:7d263e5770efddf465a9e31b78362d84d015cc894ca2c131901a4445eaa61ee1",
                "sha256:83381342bfc22b3c8c06f2dd93a505413888694302de25add756254beee8449c",
                "sha256:857eebb2c1dc60e4219ec8e98dfa19553dae33608237e107db9c6078b1167856",
                "sha256:98e439297f78fca3a6169fd330fbe88d78b3bb72f967ad9961bcac0d7fdd1550",
                "sha256:bf54103892a83c64db58125b3f2a43df6d2cb2d28889f14c78519394feb41492",
                "sha256:d9ac82be533394d341b41d78aca7ed0e0f4ba5a2231602e2f05aa87f25c51672",
                "sha256:e982fe07ede9fada6ff6705af70514a52beb1b2c3d25d4e873e82114cf3c5401",
                "sha256:edce2ea7f3dfc981c4ddc97add8a61381d9642dc3273737e756517cc03e84dd6",
                "sha256:efdc45ef1afc238db84cb4963aa689c0408912a0239b0721cb172b4016eb31d6",
                "sha256:f137c02498f8b935892d5c0172560d7ab54bc45039de8805075e19079c639a9c",
                "sha256:f82e347a72f955b7017a39708a3667f106e6ad4d10b25f237396a7115d8ed5fd",
                "sha256:fb7c206e01ad85ce57feeaaa0bf784b97fa3cad0d4a5737bc5295785f5c613a1"
            ],
            "version": "==1.1.0"
        },
        "naked": {
            "hashes": [
                "sha256:12b76b8a14595d07039422f1d2219ca8fbef8b237f9cdf5d8e947c03e148677e",
                "sha256:19de9961f4edb29e75cf837e8e031d6b52fbba4f0033515893d26f69c74b3b1f"
            ],
            "version": "==0.1.31"
        },
        "pycryptodome": {
            "hashes": [
                "sha256:08dcfd52a6784c9ca6b8d098301326ec86a33b94e44759dac031ba71407a1a2e",
                "sha256:08de8132a11fe3df5a60ffc9292eabd713b77250650190bb5beeb01ef2593e51",
                "sha256:148349c2dfbe80c3dfe598c60147f7875ae9a1dc91beb79c15eade734262a1ab",
                "sha256:185c091af54f90d038efc7eeca586161e603bdcbcbaaef2bc7454147f66669d2",
                "sha256:1d0d94c09d032538a7b33eeb52eca21eb66db6f00689000066baf307cb7091c2",
                "sha256:249d4301eb1e41dce29550a6c8693d4a7d23a06cb2d8afb51f1f42680dd00de1",
                "sha256:2c7fe7b081f257d51138369ce3f8675cbae6d2b94f19b5abbf127b2b61db6b99",
                "sha256:3210d8ee57f92055b7c6c393e8770b331dd125b371007dcbcddca5dfc7d8c8ce",
                "sha256:331e93fdddf8e2779e85cc2e0cbb2bb173a9ebcfbd0eb77390f875e5db0f9940",
                "sha256:3b295dc48de69a8055c73d5d49b1355c9479ffeeff72d0c746fb25e205189fe1",
                "sha256:4617d3925bdd77e6930d2d3d343324062a3ebd87652808158f8d6f4be4e2161c",
                "sha256:500d932db4c418932510237911fb36f85d2452bd444bd0bee96c4a05223a0c81",
                "sha256:56857d04dadf51dfcc8223bea4127d739704c11a5aef365d373f8999a34d3c33",
                "sha256:5d8d9dd7ba37bb84773160ebb65ad7794517723a4a549367227bb1325ebb8925",
                "sha256:5e6ab7478243f56fb51a89b8946fbd6853e924cd2aba3c22513bc508d3807a27",
                "sha256:6650d66a513736d61bca9ca2b1c09deb72bf2dcdf47151507ec0c05595a5b0aa",
                "sha256:7a0ad14c046c7fe4f60d597f15fd58af41d25f143ff5c8742df3bd80b9008c7d",
                "sha256:7c360b9f8b01e704ca70404001cf298505df9b2158a0c29021361ddf7f73117f",
                "sha256:8365fbf5254f086e2ad9f589f026506b04e7cf7819a851c91a864bb2d7b35369",
                "sha256:9048ef02431b19d823bd758dcd30bef6b29f0a92e49efc3dbec30c8b96e77570",
                "sha256:a378c1aaddc8874a71205c4eee3aaddda99afbc62f213e065ac06df0686d42dc",
                "sha256:bf60769ef3fd33023cb10ab277903f84f07819465f463cbdae66f732054f90dc",
                "sha256:cbfa5f741ba3dc8e07d5beb7c8cacce629f47a15bb31d4625cec3b8b171c489d",
                "sha256:de3e9bb4d356a8bc72f848b7691ec760c8abfbbf368fcd7642240c3e6126e740",
                "sha256:e39b956d8dfa3377b8cafc90649fa715d5a17c12f7e7f117920664eddc410803",
                "sha256:f0377ce5ce4df524394e0745c807932895bb8f25d791ab24b47687d2e049d691",
                "sha256:f09ea14afb0b811cdfdaf2de01ad1a7f8c46faee81291d34044eff409b713cee",
                "sha256:f5fc7e3b2d29552f0383063408ce2bd295e9d3c7ef13377599aa300a3d2baef7"
            ],
            "index": "pypi",
            "version": "==3.7.2"
        },
        "pycryptodomex": {
            "hashes": [
                "sha256:09f433a6ca4b96a4c89096af9eaa20c5d5e9029a03266f6a80062163d2042030",
                "sha256:0bb7686dd46d40cace053941638d2db4f9d86a50a62d6100f14157162e56e82f",
                "sha256:13ef8e8a26a9ac7ae84616e9c500ca0cf721d3725d740124f68dda1b58e7d408",
                "sha256:195b6540f31cbe3dc7bf3877177bb4fe1a145ce02191efdd0cb6399bff275d4b",
                "sha256:329ca5986c5e5f6a60edc3ff8b70c28d6cb259491e35e44870db6a8d92430e50",
                "sha256:42b2eccccb9da547e0ff140784037ea31c1a37012488706b51cbcadb885d2053",
                "sha256:4b2817bd02dd7dd36f223917f9bcc90d658bb66124bc596d7e3a0c250509acf7",
                "sha256:5b765870e17bf82a992f2ebb312207da76dbf8694ce865fee847005cce9244e4",
                "sha256:5d4e10ad9ff7940da534119ef92a500dcf7c28351d15e12d74ef0ce025e37d5b",
                "sha256:75186284b593df724451869035bfab4a03b6b388ed6eea284ad7fe84c9b64ea0",
                "sha256:77928b02c28adb4d1d637c609aba380d890fb40ad63c58c826bef871c84cf488",
                "sha256:7cd21c1a4dd0879dc3b289afeb0033a9382da7d0a50cb9de8d0e59c1ab0977a7",
                "sha256:83b7fe71fb9d27ff12df9dd3f57ea84153a86f45a674ee2b4763aaaf8ca84988",
                "sha256:8a67f26365ddad6ae53c0b3800edce16d164e675ee773de31c110624e63736d8",
                "sha256:8e08238f8d146caabf9d80cca09dd31323a333f74f62323aabd075e7effbc45c",
                "sha256:938af93204c93d1f576acdef970e95dfd0bbe40133f4bbf73c4b12b67f7bd4ed",
                "sha256:b2f33943f91c764f2b27a1504cd3ec2c075deb7d1b8fcc3ab4d575bede7037a8",
                "sha256:b7efd0ac8b38dfdf8b2d387e84b007c843a66de9da437a950a86caa2d1437e1e",
                "sha256:b95b14e5baaa4ca77ecb7a3d0f85fd13a8e31ada83c5a2bae5652d446414d63d",
                "sha256:bad0c66c42d16e81eef2199b3c4fb78c873f54c7f9d156e69664e2138155747c",
                "sha256:c384a85bede5396eed50f6c0374d8c51490fc10fdc65dffc8e613b57e5ab0ee0",
                "sha256:c58a324a8eb48f767abe8c906295d76e04330aa0a03d99dd58d9a42938ee0596",
                "sha256:d498731d66f9b9ad978c9a8018b0c6cfc4081e202a79c6e283ade7dcf2a72c18",
                "sha256:d516746fc25daff1c5e84d3f816d134d75a10e3551ffac92aa957a75b6b0208f",
                "sha256:ec51ea9f11b11df2719a01ea1cacdcf80858542a93f530a25a3bc742d0fe2f4b",
                "sha256:ef2792281138a29e54bdd7302fdab72be140192485dc622bb9e7e9a6f9cee4f9",
                "sha256:f79650ec8812b01f20aca503763b93b0b1b347423ecf9fd3a9ebb611bee84079"
            ],
            "index": "pypi",
            "version": "==3.7.2"
        },
        "pyjwt": {
            "hashes": [
                "sha256:87a831b7a3bfa8351511961469ed0462a769724d4da48a501cb8c96d1e17f570",
                "sha256:99fe612dbe5f41e07124d9002c118c14f3ee703574ffa9779fee78135b8b94b6"
            ],
            "index": "pypi",
            "version": "==1.4.2"
        },
        "pyyaml": {
            "hashes": [
                "sha256:3d7da3009c0f3e783b2c873687652d83b1bbfd5c88e9813fb7e5b03c0dd3108b",
                "sha256:3ef3092145e9b70e3ddd2c7ad59bdd0252a94dfe3949721633e41344de00a6bf",
                "sha256:40c71b8e076d0550b2e6380bada1f1cd1017b882f7e16f09a65be98e017f211a",
                "sha256:558dd60b890ba8fd982e05941927a3911dc409a63dcb8b634feaa0cda69330d3",
                "sha256:a7c28b45d9f99102fa092bb213aa12e0aaf9a6a1f5e395d36166639c1f96c3a1",
                "sha256:aa7dd4a6a427aed7df6fb7f08a580d68d9b118d90310374716ae90b710280af1",
                "sha256:bc558586e6045763782014934bfaf39d48b8ae85a2713117d16c39864085c613",
                "sha256:d46d7982b62e0729ad0175a9bc7e10a566fc07b224d2c79fafb5e032727eaa04",
                "sha256:d5eef459e30b09f5a098b9cea68bebfeb268697f78d647bd255a085371ac7f3f",
                "sha256:e01d3203230e1786cd91ccfdc8f8454c8069c91bee3962ad93b87a4b2860f537",
                "sha256:e170a9e6fcfd19021dd29845af83bb79236068bf5fd4df3327c1be18182b2531"
            ],
            "version": "==3.13"
        },
        "requests": {
            "hashes": [
                "sha256:502a824f31acdacb3a35b6690b5fbf0bc41d63a24a45c4004352b0242707598e",
                "sha256:7bf2a778576d825600030a110f3c0e3e8edc51dfaafe1c146e39a2027784957b"
            ],
            "index": "pypi",
            "version": "==2.21.0"
        },
        "shellescape": {
            "hashes": [
                "sha256:3ff2aeb6ce2c5a4e6059fe4a2a745a824f5a3834fe8365a39c5ea691073cfdb6",
                "sha256:e618b2bc13f2553315ca1669995dc10fcc2cae5f1e0fda49035ef02d56f0b358"
            ],
            "version": "==3.4.1"
        },
        "six": {
            "hashes": [
                "sha256:3350809f0555b11f552448330d0b52d5f24c91a322ea4a15ef22629740f3761c",
                "sha256:d16a0141ec1a18405cd4ce8b4613101da75da0e9a7aec5bdd4fa804d0e0eba73"
            ],
            "version": "==1.12.0"
        },
        "urllib3": {
            "hashes": [
                "sha256:61bf29cada3fc2fbefad4fdf059ea4bd1b4a86d2b6d15e1c7c0b582b9752fe39",
                "sha256:de9529817c93f27c8ccbfead6985011db27bd0ddfcdb2d86f3f663385c6a9c22"
            ],
            "version": "==1.24.1"
        },
        "uuid": {
            "hashes": [
                "sha256:1f87cc004ac5120466f36c5beae48b4c48cc411968eed0eaecd3da82aa96193f"
            ],
            "index": "pypi",
            "version": "==1.30"
        },
        "werkzeug": {
            "hashes": [
                "sha256:c3fd7a7d41976d9f44db327260e263132466836cef6f91512889ed60ad26557c",
                "sha256:d5da73735293558eb1651ee2fddc4d0dedcfa06538b8813a2e20011583c9e49b"
            ],
            "version": "==0.14.1"
        }
    },
    "develop": {}
}
